// !$*UTF8*$!
{
	archiveVersion = 1;
	classes = {
	};
	objectVersion = 50;
	objects = {

/* Begin PBXBuildFile section */
		520CAD2625F8DA2700559E51 /* HoneymoonAppIulianApp.swift in Sources */ = {isa = PBXBuildFile; fileRef = 520CAD2525F8DA2700559E51 /* HoneymoonAppIulianApp.swift */; };
		520CAD2825F8DA2700559E51 /* ContentView.swift in Sources */ = {isa = PBXBuildFile; fileRef = 520CAD2725F8DA2700559E51 /* ContentView.swift */; };
		520CAD2A25F8DA2800559E51 /* Assets.xcassets in Resources */ = {isa = PBXBuildFile; fileRef = 520CAD2925F8DA2800559E51 /* Assets.xcassets */; };
		520CAD2D25F8DA2800559E51 /* Preview Assets.xcassets in Resources */ = {isa = PBXBuildFile; fileRef = 520CAD2C25F8DA2800559E51 /* Preview Assets.xcassets */; };
		52325E7225F946CE0087C00F /* HoneymoonModel.swift in Sources */ = {isa = PBXBuildFile; fileRef = 52325E7125F946CE0087C00F /* HoneymoonModel.swift */; };
		52325E7625F947200087C00F /* HoneymoonData.swift in Sources */ = {isa = PBXBuildFile; fileRef = 52325E7525F947200087C00F /* HoneymoonData.swift */; };
		52325E8125F947F20087C00F /* CardView.swift in Sources */ = {isa = PBXBuildFile; fileRef = 52325E8025F947F20087C00F /* CardView.swift */; };
		52325E8425F953FB0087C00F /* HeaderView.swift in Sources */ = {isa = PBXBuildFile; fileRef = 52325E8325F953FB0087C00F /* HeaderView.swift */; };
		52325E8825F9579C0087C00F /* FooterView.swift in Sources */ = {isa = PBXBuildFile; fileRef = 52325E8725F9579C0087C00F /* FooterView.swift */; };
		52325E8C25F959F60087C00F /* HeaderComponent.swift in Sources */ = {isa = PBXBuildFile; fileRef = 52325E8B25F959F60087C00F /* HeaderComponent.swift */; };
		52325E9025F960040087C00F /* GuideComponent.swift in Sources */ = {isa = PBXBuildFile; fileRef = 52325E8F25F960040087C00F /* GuideComponent.swift */; };
		52325E9325F9622B0087C00F /* GuideView.swift in Sources */ = {isa = PBXBuildFile; fileRef = 52325E9225F9622B0087C00F /* GuideView.swift */; };
		524E26D025FAA28700195F74 /* SymbolModifier.swift in Sources */ = {isa = PBXBuildFile; fileRef = 524E26CF25FAA28700195F74 /* SymbolModifier.swift */; };
		524E26D425FAA72800195F74 /* File.swift in Sources */ = {isa = PBXBuildFile; fileRef = 524E26D325FAA72800195F74 /* File.swift */; };
		524E26D925FAA99C00195F74 /* PlaySound.swift in Sources */ = {isa = PBXBuildFile; fileRef = 524E26D825FAA99C00195F74 /* PlaySound.swift */; };
		524E26DE25FAAC4600195F74 /* sound-click.mp3 in Resources */ = {isa = PBXBuildFile; fileRef = 524E26DC25FAAC4600195F74 /* sound-click.mp3 */; };
		524E26DF25FAAC4600195F74 /* sound-rise.mp3 in Resources */ = {isa = PBXBuildFile; fileRef = 524E26DD25FAAC4600195F74 /* sound-rise.mp3 */; };
		52C03CF025FA0BA600A82C62 /* InfoView.swift in Sources */ = {isa = PBXBuildFile; fileRef = 52C03CEF25FA0BA600A82C62 /* InfoView.swift */; };
		52C03CF325FA0C7800A82C62 /* TitleModifier.swift in Sources */ = {isa = PBXBuildFile; fileRef = 52C03CF225FA0C7800A82C62 /* TitleModifier.swift */; };
		52C03CF925FA0EB200A82C62 /* ButtonModifier.swift in Sources */ = {isa = PBXBuildFile; fileRef = 52C03CF825FA0EB200A82C62 /* ButtonModifier.swift */; };
/* End PBXBuildFile section */

/* Begin PBXFileReference section */
		520CAD2225F8DA2700559E51 /* HoneymoonAppIulian.app */ = {isa = PBXFileReference; explicitFileType = wrapper.application; includeInIndex = 0; path = HoneymoonAppIulian.app; sourceTree = BUILT_PRODUCTS_DIR; };
		520CAD2525F8DA2700559E51 /* HoneymoonAppIulianApp.swift */ = {isa = PBXFileReference; lastKnownFileType = sourcecode.swift; path = HoneymoonAppIulianApp.swift; sourceTree = "<group>"; };
		520CAD2725F8DA2700559E51 /* ContentView.swift */ = {isa = PBXFileReference; lastKnownFileType = sourcecode.swift; path = ContentView.swift; sourceTree = "<group>"; };
		520CAD2925F8DA2800559E51 /* Assets.xcassets */ = {isa = PBXFileReference; lastKnownFileType = folder.assetcatalog; path = Assets.xcassets; sourceTree = "<group>"; };
		520CAD2C25F8DA2800559E51 /* Preview Assets.xcassets */ = {isa = PBXFileReference; lastKnownFileType = folder.assetcatalog; path = "Preview Assets.xcassets"; sourceTree = "<group>"; };
		520CAD2E25F8DA2800559E51 /* Info.plist */ = {isa = PBXFileReference; lastKnownFileType = text.plist.xml; path = Info.plist; sourceTree = "<group>"; };
		52325E7125F946CE0087C00F /* HoneymoonModel.swift */ = {isa = PBXFileReference; lastKnownFileType = sourcecode.swift; path = HoneymoonModel.swift; sourceTree = "<group>"; };
		52325E7525F947200087C00F /* HoneymoonData.swift */ = {isa = PBXFileReference; lastKnownFileType = sourcecode.swift; path = HoneymoonData.swift; sourceTree = "<group>"; };
		52325E8025F947F20087C00F /* CardView.swift */ = {isa = PBXFileReference; lastKnownFileType = sourcecode.swift; path = CardView.swift; sourceTree = "<group>"; };
		52325E8325F953FB0087C00F /* HeaderView.swift */ = {isa = PBXFileReference; lastKnownFileType = sourcecode.swift; path = HeaderView.swift; sourceTree = "<group>"; };
		52325E8725F9579C0087C00F /* FooterView.swift */ = {isa = PBXFileReference; lastKnownFileType = sourcecode.swift; path = FooterView.swift; sourceTree = "<group>"; };
		52325E8B25F959F60087C00F /* HeaderComponent.swift */ = {isa = PBXFileReference; lastKnownFileType = sourcecode.swift; path = HeaderComponent.swift; sourceTree = "<group>"; };
		52325E8F25F960040087C00F /* GuideComponent.swift */ = {isa = PBXFileReference; lastKnownFileType = sourcecode.swift; path = GuideComponent.swift; sourceTree = "<group>"; };
		52325E9225F9622B0087C00F /* GuideView.swift */ = {isa = PBXFileReference; lastKnownFileType = sourcecode.swift; path = GuideView.swift; sourceTree = "<group>"; };
		524E26CF25FAA28700195F74 /* SymbolModifier.swift */ = {isa = PBXFileReference; lastKnownFileType = sourcecode.swift; path = SymbolModifier.swift; sourceTree = "<group>"; };
		524E26D325FAA72800195F74 /* File.swift */ = {isa = PBXFileReference; lastKnownFileType = sourcecode.swift; path = File.swift; sourceTree = "<group>"; };
		524E26D825FAA99C00195F74 /* PlaySound.swift */ = {isa = PBXFileReference; lastKnownFileType = sourcecode.swift; path = PlaySound.swift; sourceTree = "<group>"; };
		524E26DC25FAAC4600195F74 /* sound-click.mp3 */ = {isa = PBXFileReference; lastKnownFileType = audio.mp3; path = "sound-click.mp3"; sourceTree = "<group>"; };
		524E26DD25FAAC4600195F74 /* sound-rise.mp3 */ = {isa = PBXFileReference; lastKnownFileType = audio.mp3; path = "sound-rise.mp3"; sourceTree = "<group>"; };
		52C03CEF25FA0BA600A82C62 /* InfoView.swift */ = {isa = PBXFileReference; lastKnownFileType = sourcecode.swift; path = InfoView.swift; sourceTree = "<group>"; };
		52C03CF225FA0C7800A82C62 /* TitleModifier.swift */ = {isa = PBXFileReference; lastKnownFileType = sourcecode.swift; path = TitleModifier.swift; sourceTree = "<group>"; };
		52C03CF825FA0EB200A82C62 /* ButtonModifier.swift */ = {isa = PBXFileReference; lastKnownFileType = sourcecode.swift; path = ButtonModifier.swift; sourceTree = "<group>"; };
/* End PBXFileReference section */

/* Begin PBXFrameworksBuildPhase section */
		520CAD1F25F8DA2700559E51 /* Frameworks */ = {
			isa = PBXFrameworksBuildPhase;
			buildActionMask = 2147483647;
			files = (
			);
			runOnlyForDeploymentPostprocessing = 0;
		};
/* End PBXFrameworksBuildPhase section */

/* Begin PBXGroup section */
		520CAD1925F8DA2700559E51 = {
			isa = PBXGroup;
			children = (
				520CAD2425F8DA2700559E51 /* HoneymoonAppIulian */,
				520CAD2325F8DA2700559E51 /* Products */,
			);
			sourceTree = "<group>";
		};
		520CAD2325F8DA2700559E51 /* Products */ = {
			isa = PBXGroup;
			children = (
				520CAD2225F8DA2700559E51 /* HoneymoonAppIulian.app */,
			);
			name = Products;
			sourceTree = "<group>";
		};
		520CAD2425F8DA2700559E51 /* HoneymoonAppIulian */ = {
			isa = PBXGroup;
			children = (
				524E26D725FAA98C00195F74 /* Helper */,
				524E26D225FAA70F00195F74 /* Extension */,
				52C03CF525FA0CFD00A82C62 /* Modifier */,
				52325E8A25F959E80087C00F /* Component */,
				52325E7A25F947C30087C00F /* View */,
				52325E7925F947250087C00F /* Data */,
				52325E7425F946DD0087C00F /* Model */,
				520CAD2525F8DA2700559E51 /* HoneymoonAppIulianApp.swift */,
				524E26E225FAAC6100195F74 /* Sound */,
				520CAD2925F8DA2800559E51 /* Assets.xcassets */,
				520CAD2E25F8DA2800559E51 /* Info.plist */,
				520CAD2B25F8DA2800559E51 /* Preview Content */,
			);
			path = HoneymoonAppIulian;
			sourceTree = "<group>";
		};
		520CAD2B25F8DA2800559E51 /* Preview Content */ = {
			isa = PBXGroup;
			children = (
				520CAD2C25F8DA2800559E51 /* Preview Assets.xcassets */,
			);
			path = "Preview Content";
			sourceTree = "<group>";
		};
		52325E7425F946DD0087C00F /* Model */ = {
			isa = PBXGroup;
			children = (
				52325E7125F946CE0087C00F /* HoneymoonModel.swift */,
			);
			path = Model;
			sourceTree = "<group>";
		};
		52325E7925F947250087C00F /* Data */ = {
			isa = PBXGroup;
			children = (
				52325E7525F947200087C00F /* HoneymoonData.swift */,
			);
			path = Data;
			sourceTree = "<group>";
		};
		52325E7A25F947C30087C00F /* View */ = {
			isa = PBXGroup;
			children = (
				520CAD2725F8DA2700559E51 /* ContentView.swift */,
				52325E8025F947F20087C00F /* CardView.swift */,
				52325E8325F953FB0087C00F /* HeaderView.swift */,
				52325E8725F9579C0087C00F /* FooterView.swift */,
				52325E9225F9622B0087C00F /* GuideView.swift */,
				52C03CEF25FA0BA600A82C62 /* InfoView.swift */,
			);
			path = View;
			sourceTree = "<group>";
		};
		52325E8A25F959E80087C00F /* Component */ = {
			isa = PBXGroup;
			children = (
				52325E8B25F959F60087C00F /* HeaderComponent.swift */,
				52325E8F25F960040087C00F /* GuideComponent.swift */,
			);
			path = Component;
			sourceTree = "<group>";
		};
		524E26D225FAA70F00195F74 /* Extension */ = {
			isa = PBXGroup;
			children = (
				524E26D325FAA72800195F74 /* File.swift */,
			);
			path = Extension;
			sourceTree = "<group>";
		};
		524E26D725FAA98C00195F74 /* Helper */ = {
			isa = PBXGroup;
			children = (
				524E26D825FAA99C00195F74 /* PlaySound.swift */,
			);
			path = Helper;
			sourceTree = "<group>";
		};
		524E26E225FAAC6100195F74 /* Sound */ = {
			isa = PBXGroup;
			children = (
				524E26DD25FAAC4600195F74 /* sound-rise.mp3 */,
				524E26DC25FAAC4600195F74 /* sound-click.mp3 */,
			);
			path = Sound;
			sourceTree = "<group>";
		};
		52C03CF525FA0CFD00A82C62 /* Modifier */ = {
			isa = PBXGroup;
			children = (
				52C03CF225FA0C7800A82C62 /* TitleModifier.swift */,
				52C03CF825FA0EB200A82C62 /* ButtonModifier.swift */,
				524E26CF25FAA28700195F74 /* SymbolModifier.swift */,
			);
			path = Modifier;
			sourceTree = "<group>";
		};
/* End PBXGroup section */

/* Begin PBXNativeTarget section */
		520CAD2125F8DA2700559E51 /* HoneymoonAppIulian */ = {
			isa = PBXNativeTarget;
			buildConfigurationList = 520CAD3125F8DA2800559E51 /* Build configuration list for PBXNativeTarget "HoneymoonAppIulian" */;
			buildPhases = (
				520CAD1E25F8DA2700559E51 /* Sources */,
				520CAD1F25F8DA2700559E51 /* Frameworks */,
				520CAD2025F8DA2700559E51 /* Resources */,
			);
			buildRules = (
			);
			dependencies = (
			);
			name = HoneymoonAppIulian;
			productName = HoneymoonAppIulian;
			productReference = 520CAD2225F8DA2700559E51 /* HoneymoonAppIulian.app */;
			productType = "com.apple.product-type.application";
		};
/* End PBXNativeTarget section */

/* Begin PBXProject section */
		520CAD1A25F8DA2700559E51 /* Project object */ = {
			isa = PBXProject;
			attributes = {
				LastSwiftUpdateCheck = 1240;
				LastUpgradeCheck = 1240;
				TargetAttributes = {
					520CAD2125F8DA2700559E51 = {
						CreatedOnToolsVersion = 12.4;
					};
				};
			};
			buildConfigurationList = 520CAD1D25F8DA2700559E51 /* Build configuration list for PBXProject "HoneymoonAppIulian" */;
			compatibilityVersion = "Xcode 9.3";
			developmentRegion = en;
			hasScannedForEncodings = 0;
			knownRegions = (
				en,
				Base,
			);
			mainGroup = 520CAD1925F8DA2700559E51;
			productRefGroup = 520CAD2325F8DA2700559E51 /* Products */;
			projectDirPath = "";
			projectRoot = "";
			targets = (
				520CAD2125F8DA2700559E51 /* HoneymoonAppIulian */,
			);
		};
/* End PBXProject section */

/* Begin PBXResourcesBuildPhase section */
		520CAD2025F8DA2700559E51 /* Resources */ = {
			isa = PBXResourcesBuildPhase;
			buildActionMask = 2147483647;
			files = (
				524E26DF25FAAC4600195F74 /* sound-rise.mp3 in Resources */,
				524E26DE25FAAC4600195F74 /* sound-click.mp3 in Resources */,
				520CAD2D25F8DA2800559E51 /* Preview Assets.xcassets in Resources */,
				520CAD2A25F8DA2800559E51 /* Assets.xcassets in Resources */,
			);
			runOnlyForDeploymentPostprocessing = 0;
		};
/* End PBXResourcesBuildPhase section */

/* Begin PBXSourcesBuildPhase section */
		520CAD1E25F8DA2700559E51 /* Sources */ = {
			isa = PBXSourcesBuildPhase;
			buildActionMask = 2147483647;
			files = (
				52325E7625F947200087C00F /* HoneymoonData.swift in Sources */,
				52C03CF025FA0BA600A82C62 /* InfoView.swift in Sources */,
				52325E8825F9579C0087C00F /* FooterView.swift in Sources */,
				52C03CF325FA0C7800A82C62 /* TitleModifier.swift in Sources */,
				524E26D025FAA28700195F74 /* SymbolModifier.swift in Sources */,
				52325E8425F953FB0087C00F /* HeaderView.swift in Sources */,
				52325E7225F946CE0087C00F /* HoneymoonModel.swift in Sources */,
				52C03CF925FA0EB200A82C62 /* ButtonModifier.swift in Sources */,
				52325E8C25F959F60087C00F /* HeaderComponent.swift in Sources */,
				524E26D925FAA99C00195F74 /* PlaySound.swift in Sources */,
				520CAD2825F8DA2700559E51 /* ContentView.swift in Sources */,
				524E26D425FAA72800195F74 /* File.swift in Sources */,
				520CAD2625F8DA2700559E51 /* HoneymoonAppIulianApp.swift in Sources */,
				52325E8125F947F20087C00F /* CardView.swift in Sources */,
				52325E9025F960040087C00F /* GuideComponent.swift in Sources */,
				52325E9325F9622B0087C00F /* GuideView.swift in Sources */,
			);
			runOnlyForDeploymentPostprocessing = 0;
		};
/* End PBXSourcesBuildPhase section */

/* Begin XCBuildConfiguration section */
		520CAD2F25F8DA2800559E51 /* Debug */ = {
			isa = XCBuildConfiguration;
			buildSettings = {
				ALWAYS_SEARCH_USER_PATHS = NO;
				CLANG_ANALYZER_NONNULL = YES;
				CLANG_ANALYZER_NUMBER_OBJECT_CONVERSION = YES_AGGRESSIVE;
				CLANG_CXX_LANGUAGE_STANDARD = "gnu++14";
				CLANG_CXX_LIBRARY = "libc++";
				CLANG_ENABLE_MODULES = YES;
				CLANG_ENABLE_OBJC_ARC = YES;
				CLANG_ENABLE_OBJC_WEAK = YES;
				CLANG_WARN_BLOCK_CAPTURE_AUTORELEASING = YES;
				CLANG_WARN_BOOL_CONVERSION = YES;
				CLANG_WARN_COMMA = YES;
				CLANG_WARN_CONSTANT_CONVERSION = YES;
				CLANG_WARN_DEPRECATED_OBJC_IMPLEMENTATIONS = YES;
				CLANG_WARN_DIRECT_OBJC_ISA_USAGE = YES_ERROR;
				CLANG_WARN_DOCUMENTATION_COMMENTS = YES;
				CLANG_WARN_EMPTY_BODY = YES;
				CLANG_WARN_ENUM_CONVERSION = YES;
				CLANG_WARN_INFINITE_RECURSION = YES;
				CLANG_WARN_INT_CONVERSION = YES;
				CLANG_WARN_NON_LITERAL_NULL_CONVERSION = YES;
				CLANG_WARN_OBJC_IMPLICIT_RETAIN_SELF = YES;
				CLANG_WARN_OBJC_LITERAL_CONVERSION = YES;
				CLANG_WARN_OBJC_ROOT_CLASS = YES_ERROR;
				CLANG_WARN_QUOTED_INCLUDE_IN_FRAMEWORK_HEADER = YES;
				CLANG_WARN_RANGE_LOOP_ANALYSIS = YES;
				CLANG_WARN_STRICT_PROTOTYPES = YES;
				CLANG_WARN_SUSPICIOUS_MOVE = YES;
				CLANG_WARN_UNGUARDED_AVAILABILITY = YES_AGGRESSIVE;
				CLANG_WARN_UNREACHABLE_CODE = YES;
				CLANG_WARN__DUPLICATE_METHOD_MATCH = YES;
				COPY_PHASE_STRIP = NO;
				DEBUG_INFORMATION_FORMAT = dwarf;
				ENABLE_STRICT_OBJC_MSGSEND = YES;
				ENABLE_TESTABILITY = YES;
				GCC_C_LANGUAGE_STANDARD = gnu11;
				GCC_DYNAMIC_NO_PIC = NO;
				GCC_NO_COMMON_BLOCKS = YES;
				GCC_OPTIMIZATION_LEVEL = 0;
				GCC_PREPROCESSOR_DEFINITIONS = (
					"DEBUG=1",
					"$(inherited)",
				);
				GCC_WARN_64_TO_32_BIT_CONVERSION = YES;
				GCC_WARN_ABOUT_RETURN_TYPE = YES_ERROR;
				GCC_WARN_UNDECLARED_SELECTOR = YES;
				GCC_WARN_UNINITIALIZED_AUTOS = YES_AGGRESSIVE;
				GCC_WARN_UNUSED_FUNCTION = YES;
				GCC_WARN_UNUSED_VARIABLE = YES;
				IPHONEOS_DEPLOYMENT_TARGET = 14.4;
				MTL_ENABLE_DEBUG_INFO = INCLUDE_SOURCE;
				MTL_FAST_MATH = YES;
				ONLY_ACTIVE_ARCH = YES;
				SDKROOT = iphoneos;
				SWIFT_ACTIVE_COMPILATION_CONDITIONS = DEBUG;
				SWIFT_OPTIMIZATION_LEVEL = "-Onone";
			};
			name = Debug;
		};
		520CAD3025F8DA2800559E51 /* Release */ = {
			isa = XCBuildConfiguration;
			buildSettings = {
				ALWAYS_SEARCH_USER_PATHS = NO;
				CLANG_ANALYZER_NONNULL = YES;
				CLANG_ANALYZER_NUMBER_OBJECT_CONVERSION = YES_AGGRESSIVE;
				CLANG_CXX_LANGUAGE_STANDARD = "gnu++14";
				CLANG_CXX_LIBRARY = "libc++";
				CLANG_ENABLE_MODULES = YES;
				CLANG_ENABLE_OBJC_ARC = YES;
				CLANG_ENABLE_OBJC_WEAK = YES;
				CLANG_WARN_BLOCK_CAPTURE_AUTORELEASING = YES;
				CLANG_WARN_BOOL_CONVERSION = YES;
				CLANG_WARN_COMMA = YES;
				CLANG_WARN_CONSTANT_CONVERSION = YES;
				CLANG_WARN_DEPRECATED_OBJC_IMPLEMENTATIONS = YES;
				CLANG_WARN_DIRECT_OBJC_ISA_USAGE = YES_ERROR;
				CLANG_WARN_DOCUMENTATION_COMMENTS = YES;
				CLANG_WARN_EMPTY_BODY = YES;
				CLANG_WARN_ENUM_CONVERSION = YES;
				CLANG_WARN_INFINITE_RECURSION = YES;
				CLANG_WARN_INT_CONVERSION = YES;
				CLANG_WARN_NON_LITERAL_NULL_CONVERSION = YES;
				CLANG_WARN_OBJC_IMPLICIT_RETAIN_SELF = YES;
				CLANG_WARN_OBJC_LITERAL_CONVERSION = YES;
				CLANG_WARN_OBJC_ROOT_CLASS = YES_ERROR;
				CLANG_WARN_QUOTED_INCLUDE_IN_FRAMEWORK_HEADER = YES;
				CLANG_WARN_RANGE_LOOP_ANALYSIS = YES;
				CLANG_WARN_STRICT_PROTOTYPES = YES;
				CLANG_WARN_SUSPICIOUS_MOVE = YES;
				CLANG_WARN_UNGUARDED_AVAILABILITY = YES_AGGRESSIVE;
				CLANG_WARN_UNREACHABLE_CODE = YES;
				CLANG_WARN__DUPLICATE_METHOD_MATCH = YES;
				COPY_PHASE_STRIP = NO;
				DEBUG_INFORMATION_FORMAT = "dwarf-with-dsym";
				ENABLE_NS_ASSERTIONS = NO;
				ENABLE_STRICT_OBJC_MSGSEND = YES;
				GCC_C_LANGUAGE_STANDARD = gnu11;
				GCC_NO_COMMON_BLOCKS = YES;
				GCC_WARN_64_TO_32_BIT_CONVERSION = YES;
				GCC_WARN_ABOUT_RETURN_TYPE = YES_ERROR;
				GCC_WARN_UNDECLARED_SELECTOR = YES;
				GCC_WARN_UNINITIALIZED_AUTOS = YES_AGGRESSIVE;
				GCC_WARN_UNUSED_FUNCTION = YES;
				GCC_WARN_UNUSED_VARIABLE = YES;
				IPHONEOS_DEPLOYMENT_TARGET = 14.4;
				MTL_ENABLE_DEBUG_INFO = NO;
				MTL_FAST_MATH = YES;
				SDKROOT = iphoneos;
				SWIFT_COMPILATION_MODE = wholemodule;
				SWIFT_OPTIMIZATION_LEVEL = "-O";
				VALIDATE_PRODUCT = YES;
			};
			name = Release;
		};
		520CAD3225F8DA2800559E51 /* Debug */ = {
			isa = XCBuildConfiguration;
			buildSettings = {
				ASSETCATALOG_COMPILER_APPICON_NAME = AppIcon;
				ASSETCATALOG_COMPILER_GLOBAL_ACCENT_COLOR_NAME = AccentColor;
				CODE_SIGN_STYLE = Automatic;
				DEVELOPMENT_ASSET_PATHS = "\"HoneymoonAppIulian/Preview Content\"";
				DEVELOPMENT_TEAM = WL58PU3N75;
				ENABLE_PREVIEWS = YES;
				INFOPLIST_FILE = HoneymoonAppIulian/Info.plist;
				IPHONEOS_DEPLOYMENT_TARGET = 14.0;
				LD_RUNPATH_SEARCH_PATHS = (
					"$(inherited)",
					"@executable_path/Frameworks",
				);
				PRODUCT_BUNDLE_IDENTIFIER = com.iulipos.HoneymoonAppIulian;
				PRODUCT_NAME = "$(TARGET_NAME)";
				SWIFT_VERSION = 5.0;
				TARGETED_DEVICE_FAMILY = "1,2";
			};
			name = Debug;
		};
		520CAD3325F8DA2800559E51 /* Release */ = {
			isa = XCBuildConfiguration;
			buildSettings = {
				ASSETCATALOG_COMPILER_APPICON_NAME = AppIcon;
				ASSETCATALOG_COMPILER_GLOBAL_ACCENT_COLOR_NAME = AccentColor;
				CODE_SIGN_STYLE = Automatic;
				DEVELOPMENT_ASSET_PATHS = "\"HoneymoonAppIulian/Preview Content\"";
				DEVELOPMENT_TEAM = WL58PU3N75;
				ENABLE_PREVIEWS = YES;
				INFOPLIST_FILE = HoneymoonAppIulian/Info.plist;
				IPHONEOS_DEPLOYMENT_TARGET = 14.0;
				LD_RUNPATH_SEARCH_PATHS = (
					"$(inherited)",
					"@executable_path/Frameworks",
				);
				PRODUCT_BUNDLE_IDENTIFIER = com.iulipos.HoneymoonAppIulian;
				PRODUCT_NAME = "$(TARGET_NAME)";
				SWIFT_VERSION = 5.0;
				TARGETED_DEVICE_FAMILY = "1,2";
			};
			name = Release;
		};
/* End XCBuildConfiguration section */

/* Begin XCConfigurationList section */
		520CAD1D25F8DA2700559E51 /* Build configuration list for PBXProject "HoneymoonAppIulian" */ = {
			isa = XCConfigurationList;
			buildConfigurations = (
				520CAD2F25F8DA2800559E51 /* Debug */,
				520CAD3025F8DA2800559E51 /* Release */,
			);
			defaultConfigurationIsVisible = 0;
			defaultConfigurationName = Release;
		};
		520CAD3125F8DA2800559E51 /* Build configuration list for PBXNativeTarget "HoneymoonAppIulian" */ = {
			isa = XCConfigurationList;
			buildConfigurations = (
				520CAD3225F8DA2800559E51 /* Debug */,
				520CAD3325F8DA2800559E51 /* Release */,
			);
			defaultConfigurationIsVisible = 0;
			defaultConfigurationName = Release;
		};
/* End XCConfigurationList section */
	};
	rootObject = 520CAD1A25F8DA2700559E51 /* Project object */;
}
