// !$*UTF8*$!
{
	archiveVersion = 1;
	classes = {
	};
	objectVersion = 50;
	objects = {

/* Begin PBXBuildFile section */
		5212469425FF5879003AAC69 /* AfricaAppIulianApp.swift in Sources */ = {isa = PBXBuildFile; fileRef = 5212469325FF5879003AAC69 /* AfricaAppIulianApp.swift */; };
		5212469625FF5879003AAC69 /* ContentView.swift in Sources */ = {isa = PBXBuildFile; fileRef = 5212469525FF5879003AAC69 /* ContentView.swift */; };
		5212469825FF5879003AAC69 /* Assets.xcassets in Resources */ = {isa = PBXBuildFile; fileRef = 5212469725FF5879003AAC69 /* Assets.xcassets */; };
		5212469B25FF5879003AAC69 /* Preview Assets.xcassets in Resources */ = {isa = PBXBuildFile; fileRef = 5212469A25FF5879003AAC69 /* Preview Assets.xcassets */; };
		521246AF25FF5A94003AAC69 /* rhino.mp4 in Resources */ = {isa = PBXBuildFile; fileRef = 521246A525FF5A94003AAC69 /* rhino.mp4 */; };
		521246B025FF5A94003AAC69 /* cheetah.mp4 in Resources */ = {isa = PBXBuildFile; fileRef = 521246A625FF5A94003AAC69 /* cheetah.mp4 */; };
		521246B125FF5A94003AAC69 /* gorilla.mp4 in Resources */ = {isa = PBXBuildFile; fileRef = 521246A725FF5A94003AAC69 /* gorilla.mp4 */; };
		521246B225FF5A94003AAC69 /* lion.mp4 in Resources */ = {isa = PBXBuildFile; fileRef = 521246A825FF5A94003AAC69 /* lion.mp4 */; };
		521246B325FF5A94003AAC69 /* ostrich.mp4 in Resources */ = {isa = PBXBuildFile; fileRef = 521246A925FF5A94003AAC69 /* ostrich.mp4 */; };
		521246B425FF5A94003AAC69 /* elephant.mp4 in Resources */ = {isa = PBXBuildFile; fileRef = 521246AA25FF5A94003AAC69 /* elephant.mp4 */; };
		521246B525FF5A94003AAC69 /* lioness.mp4 in Resources */ = {isa = PBXBuildFile; fileRef = 521246AB25FF5A94003AAC69 /* lioness.mp4 */; };
		521246B625FF5A94003AAC69 /* zebra.mp4 in Resources */ = {isa = PBXBuildFile; fileRef = 521246AC25FF5A94003AAC69 /* zebra.mp4 */; };
		521246B725FF5A94003AAC69 /* giraffe.mp4 in Resources */ = {isa = PBXBuildFile; fileRef = 521246AD25FF5A94003AAC69 /* giraffe.mp4 */; };
		521246B825FF5A94003AAC69 /* hippo.mp4 in Resources */ = {isa = PBXBuildFile; fileRef = 521246AE25FF5A94003AAC69 /* hippo.mp4 */; };
		521246BF25FF5AEF003AAC69 /* animals.json in Resources */ = {isa = PBXBuildFile; fileRef = 521246BB25FF5AEE003AAC69 /* animals.json */; };
		521246C025FF5AEF003AAC69 /* locations.json in Resources */ = {isa = PBXBuildFile; fileRef = 521246BC25FF5AEF003AAC69 /* locations.json */; };
		521246C125FF5AEF003AAC69 /* covers.json in Resources */ = {isa = PBXBuildFile; fileRef = 521246BD25FF5AEF003AAC69 /* covers.json */; };
		521246C225FF5AEF003AAC69 /* videos.json in Resources */ = {isa = PBXBuildFile; fileRef = 521246BE25FF5AEF003AAC69 /* videos.json */; };
		521246C925FF674D003AAC69 /* VideoListView.swift in Sources */ = {isa = PBXBuildFile; fileRef = 521246C825FF674D003AAC69 /* VideoListView.swift */; };
		521246CC25FF675C003AAC69 /* MapView.swift in Sources */ = {isa = PBXBuildFile; fileRef = 521246CB25FF675C003AAC69 /* MapView.swift */; };
		521246CF25FF676C003AAC69 /* GalleryView.swift in Sources */ = {isa = PBXBuildFile; fileRef = 521246CE25FF676C003AAC69 /* GalleryView.swift */; };
		521246D225FF677B003AAC69 /* MainView.swift in Sources */ = {isa = PBXBuildFile; fileRef = 521246D125FF677B003AAC69 /* MainView.swift */; };
		521246D625FF6A4F003AAC69 /* CoverImageView.swift in Sources */ = {isa = PBXBuildFile; fileRef = 521246D525FF6A4F003AAC69 /* CoverImageView.swift */; };
		521246DB25FF6CFE003AAC69 /* CoverImageModel.swift in Sources */ = {isa = PBXBuildFile; fileRef = 521246DA25FF6CFE003AAC69 /* CoverImageModel.swift */; };
		521246E025FF6E84003AAC69 /* CodableBundleExtension.swift in Sources */ = {isa = PBXBuildFile; fileRef = 521246DF25FF6E84003AAC69 /* CodableBundleExtension.swift */; };
		521246E425FF9EB6003AAC69 /* MotionAnimationView.swift in Sources */ = {isa = PBXBuildFile; fileRef = 521246E325FF9EB6003AAC69 /* MotionAnimationView.swift */; };
/* End PBXBuildFile section */

/* Begin PBXFileReference section */
		5212469025FF5879003AAC69 /* AfricaAppIulian.app */ = {isa = PBXFileReference; explicitFileType = wrapper.application; includeInIndex = 0; path = AfricaAppIulian.app; sourceTree = BUILT_PRODUCTS_DIR; };
		5212469325FF5879003AAC69 /* AfricaAppIulianApp.swift */ = {isa = PBXFileReference; lastKnownFileType = sourcecode.swift; path = AfricaAppIulianApp.swift; sourceTree = "<group>"; };
		5212469525FF5879003AAC69 /* ContentView.swift */ = {isa = PBXFileReference; lastKnownFileType = sourcecode.swift; path = ContentView.swift; sourceTree = "<group>"; };
		5212469725FF5879003AAC69 /* Assets.xcassets */ = {isa = PBXFileReference; lastKnownFileType = folder.assetcatalog; path = Assets.xcassets; sourceTree = "<group>"; };
		5212469A25FF5879003AAC69 /* Preview Assets.xcassets */ = {isa = PBXFileReference; lastKnownFileType = folder.assetcatalog; path = "Preview Assets.xcassets"; sourceTree = "<group>"; };
		5212469C25FF5879003AAC69 /* Info.plist */ = {isa = PBXFileReference; lastKnownFileType = text.plist.xml; path = Info.plist; sourceTree = "<group>"; };
		521246A525FF5A94003AAC69 /* rhino.mp4 */ = {isa = PBXFileReference; lastKnownFileType = file; name = rhino.mp4; path = ../../../../../AfricaApp/Africa/Africa/Video/rhino.mp4; sourceTree = "<group>"; };
		521246A625FF5A94003AAC69 /* cheetah.mp4 */ = {isa = PBXFileReference; lastKnownFileType = file; name = cheetah.mp4; path = ../../../../../AfricaApp/Africa/Africa/Video/cheetah.mp4; sourceTree = "<group>"; };
		521246A725FF5A94003AAC69 /* gorilla.mp4 */ = {isa = PBXFileReference; lastKnownFileType = file; name = gorilla.mp4; path = ../../../../../AfricaApp/Africa/Africa/Video/gorilla.mp4; sourceTree = "<group>"; };
		521246A825FF5A94003AAC69 /* lion.mp4 */ = {isa = PBXFileReference; lastKnownFileType = file; name = lion.mp4; path = ../../../../../AfricaApp/Africa/Africa/Video/lion.mp4; sourceTree = "<group>"; };
		521246A925FF5A94003AAC69 /* ostrich.mp4 */ = {isa = PBXFileReference; lastKnownFileType = file; name = ostrich.mp4; path = ../../../../../AfricaApp/Africa/Africa/Video/ostrich.mp4; sourceTree = "<group>"; };
		521246AA25FF5A94003AAC69 /* elephant.mp4 */ = {isa = PBXFileReference; lastKnownFileType = file; name = elephant.mp4; path = ../../../../../AfricaApp/Africa/Africa/Video/elephant.mp4; sourceTree = "<group>"; };
		521246AB25FF5A94003AAC69 /* lioness.mp4 */ = {isa = PBXFileReference; lastKnownFileType = file; name = lioness.mp4; path = ../../../../../AfricaApp/Africa/Africa/Video/lioness.mp4; sourceTree = "<group>"; };
		521246AC25FF5A94003AAC69 /* zebra.mp4 */ = {isa = PBXFileReference; lastKnownFileType = file; name = zebra.mp4; path = ../../../../../AfricaApp/Africa/Africa/Video/zebra.mp4; sourceTree = "<group>"; };
		521246AD25FF5A94003AAC69 /* giraffe.mp4 */ = {isa = PBXFileReference; lastKnownFileType = file; name = giraffe.mp4; path = ../../../../../AfricaApp/Africa/Africa/Video/giraffe.mp4; sourceTree = "<group>"; };
		521246AE25FF5A94003AAC69 /* hippo.mp4 */ = {isa = PBXFileReference; lastKnownFileType = file; name = hippo.mp4; path = ../../../../../AfricaApp/Africa/Africa/Video/hippo.mp4; sourceTree = "<group>"; };
		521246BB25FF5AEE003AAC69 /* animals.json */ = {isa = PBXFileReference; fileEncoding = 4; lastKnownFileType = text.json; path = animals.json; sourceTree = "<group>"; };
		521246BC25FF5AEF003AAC69 /* locations.json */ = {isa = PBXFileReference; fileEncoding = 4; lastKnownFileType = text.json; path = locations.json; sourceTree = "<group>"; };
		521246BD25FF5AEF003AAC69 /* covers.json */ = {isa = PBXFileReference; fileEncoding = 4; lastKnownFileType = text.json; path = covers.json; sourceTree = "<group>"; };
		521246BE25FF5AEF003AAC69 /* videos.json */ = {isa = PBXFileReference; fileEncoding = 4; lastKnownFileType = text.json; path = videos.json; sourceTree = "<group>"; };
		521246C825FF674D003AAC69 /* VideoListView.swift */ = {isa = PBXFileReference; lastKnownFileType = sourcecode.swift; path = VideoListView.swift; sourceTree = "<group>"; };
		521246CB25FF675C003AAC69 /* MapView.swift */ = {isa = PBXFileReference; lastKnownFileType = sourcecode.swift; path = MapView.swift; sourceTree = "<group>"; };
		521246CE25FF676C003AAC69 /* GalleryView.swift */ = {isa = PBXFileReference; lastKnownFileType = sourcecode.swift; path = GalleryView.swift; sourceTree = "<group>"; };
		521246D125FF677B003AAC69 /* MainView.swift */ = {isa = PBXFileReference; lastKnownFileType = sourcecode.swift; path = MainView.swift; sourceTree = "<group>"; };
		521246D525FF6A4F003AAC69 /* CoverImageView.swift */ = {isa = PBXFileReference; lastKnownFileType = sourcecode.swift; path = CoverImageView.swift; sourceTree = "<group>"; };
		521246DA25FF6CFE003AAC69 /* CoverImageModel.swift */ = {isa = PBXFileReference; lastKnownFileType = sourcecode.swift; path = CoverImageModel.swift; sourceTree = "<group>"; };
		521246DF25FF6E84003AAC69 /* CodableBundleExtension.swift */ = {isa = PBXFileReference; lastKnownFileType = sourcecode.swift; path = CodableBundleExtension.swift; sourceTree = "<group>"; };
		521246E325FF9EB6003AAC69 /* MotionAnimationView.swift */ = {isa = PBXFileReference; lastKnownFileType = sourcecode.swift; path = MotionAnimationView.swift; sourceTree = "<group>"; };
/* End PBXFileReference section */

/* Begin PBXFrameworksBuildPhase section */
		5212468D25FF5879003AAC69 /* Frameworks */ = {
			isa = PBXFrameworksBuildPhase;
			buildActionMask = 2147483647;
			files = (
			);
			runOnlyForDeploymentPostprocessing = 0;
		};
/* End PBXFrameworksBuildPhase section */

/* Begin PBXGroup section */
		5212468725FF5879003AAC69 = {
			isa = PBXGroup;
			children = (
				5212469225FF5879003AAC69 /* AfricaAppIulian */,
				5212469125FF5879003AAC69 /* Products */,
			);
			sourceTree = "<group>";
		};
		5212469125FF5879003AAC69 /* Products */ = {
			isa = PBXGroup;
			children = (
				5212469025FF5879003AAC69 /* AfricaAppIulian.app */,
			);
			name = Products;
			sourceTree = "<group>";
		};
		5212469225FF5879003AAC69 /* AfricaAppIulian */ = {
			isa = PBXGroup;
			children = (
				521246DE25FF6E73003AAC69 /* Extension */,
				521246D925FF6CED003AAC69 /* Model */,
				521246D425FF6A3B003AAC69 /* View */,
				521246BA25FF5ACE003AAC69 /* Data */,
				521246A325FF5A27003AAC69 /* Video */,
				521246C625FF6708003AAC69 /* App */,
				5212469725FF5879003AAC69 /* Assets.xcassets */,
				5212469C25FF5879003AAC69 /* Info.plist */,
				5212469925FF5879003AAC69 /* Preview Content */,
			);
			path = AfricaAppIulian;
			sourceTree = "<group>";
		};
		5212469925FF5879003AAC69 /* Preview Content */ = {
			isa = PBXGroup;
			children = (
				5212469A25FF5879003AAC69 /* Preview Assets.xcassets */,
			);
			path = "Preview Content";
			sourceTree = "<group>";
		};
		521246A325FF5A27003AAC69 /* Video */ = {
			isa = PBXGroup;
			children = (
				521246A625FF5A94003AAC69 /* cheetah.mp4 */,
				521246AA25FF5A94003AAC69 /* elephant.mp4 */,
				521246AD25FF5A94003AAC69 /* giraffe.mp4 */,
				521246A725FF5A94003AAC69 /* gorilla.mp4 */,
				521246AE25FF5A94003AAC69 /* hippo.mp4 */,
				521246A825FF5A94003AAC69 /* lion.mp4 */,
				521246AB25FF5A94003AAC69 /* lioness.mp4 */,
				521246A925FF5A94003AAC69 /* ostrich.mp4 */,
				521246A525FF5A94003AAC69 /* rhino.mp4 */,
				521246AC25FF5A94003AAC69 /* zebra.mp4 */,
			);
			path = Video;
			sourceTree = "<group>";
		};
		521246BA25FF5ACE003AAC69 /* Data */ = {
			isa = PBXGroup;
			children = (
				521246BB25FF5AEE003AAC69 /* animals.json */,
				521246BD25FF5AEF003AAC69 /* covers.json */,
				521246BC25FF5AEF003AAC69 /* locations.json */,
				521246BE25FF5AEF003AAC69 /* videos.json */,
			);
			path = Data;
			sourceTree = "<group>";
		};
		521246C625FF6708003AAC69 /* App */ = {
			isa = PBXGroup;
			children = (
				5212469325FF5879003AAC69 /* AfricaAppIulianApp.swift */,
				5212469525FF5879003AAC69 /* ContentView.swift */,
				521246C825FF674D003AAC69 /* VideoListView.swift */,
				521246CB25FF675C003AAC69 /* MapView.swift */,
				521246CE25FF676C003AAC69 /* GalleryView.swift */,
				521246D125FF677B003AAC69 /* MainView.swift */,
			);
			path = App;
			sourceTree = "<group>";
		};
		521246D425FF6A3B003AAC69 /* View */ = {
			isa = PBXGroup;
			children = (
				521246D525FF6A4F003AAC69 /* CoverImageView.swift */,
				521246E325FF9EB6003AAC69 /* MotionAnimationView.swift */,
			);
			path = View;
			sourceTree = "<group>";
		};
		521246D925FF6CED003AAC69 /* Model */ = {
			isa = PBXGroup;
			children = (
				521246DA25FF6CFE003AAC69 /* CoverImageModel.swift */,
			);
			path = Model;
			sourceTree = "<group>";
		};
		521246DE25FF6E73003AAC69 /* Extension */ = {
			isa = PBXGroup;
			children = (
				521246DF25FF6E84003AAC69 /* CodableBundleExtension.swift */,
			);
			path = Extension;
			sourceTree = "<group>";
		};
/* End PBXGroup section */

/* Begin PBXNativeTarget section */
		5212468F25FF5879003AAC69 /* AfricaAppIulian */ = {
			isa = PBXNativeTarget;
			buildConfigurationList = 5212469F25FF5879003AAC69 /* Build configuration list for PBXNativeTarget "AfricaAppIulian" */;
			buildPhases = (
				5212468C25FF5879003AAC69 /* Sources */,
				5212468D25FF5879003AAC69 /* Frameworks */,
				5212468E25FF5879003AAC69 /* Resources */,
			);
			buildRules = (
			);
			dependencies = (
			);
			name = AfricaAppIulian;
			productName = AfricaAppIulian;
			productReference = 5212469025FF5879003AAC69 /* AfricaAppIulian.app */;
			productType = "com.apple.product-type.application";
		};
/* End PBXNativeTarget section */

/* Begin PBXProject section */
		5212468825FF5879003AAC69 /* Project object */ = {
			isa = PBXProject;
			attributes = {
				LastSwiftUpdateCheck = 1240;
				LastUpgradeCheck = 1240;
				TargetAttributes = {
					5212468F25FF5879003AAC69 = {
						CreatedOnToolsVersion = 12.4;
					};
				};
			};
			buildConfigurationList = 5212468B25FF5879003AAC69 /* Build configuration list for PBXProject "AfricaAppIulian" */;
			compatibilityVersion = "Xcode 9.3";
			developmentRegion = en;
			hasScannedForEncodings = 0;
			knownRegions = (
				en,
				Base,
			);
			mainGroup = 5212468725FF5879003AAC69;
			productRefGroup = 5212469125FF5879003AAC69 /* Products */;
			projectDirPath = "";
			projectRoot = "";
			targets = (
				5212468F25FF5879003AAC69 /* AfricaAppIulian */,
			);
		};
/* End PBXProject section */

/* Begin PBXResourcesBuildPhase section */
		5212468E25FF5879003AAC69 /* Resources */ = {
			isa = PBXResourcesBuildPhase;
			buildActionMask = 2147483647;
			files = (
				521246C025FF5AEF003AAC69 /* locations.json in Resources */,
				521246B025FF5A94003AAC69 /* cheetah.mp4 in Resources */,
				521246B325FF5A94003AAC69 /* ostrich.mp4 in Resources */,
				521246B525FF5A94003AAC69 /* lioness.mp4 in Resources */,
				521246B225FF5A94003AAC69 /* lion.mp4 in Resources */,
				521246B825FF5A94003AAC69 /* hippo.mp4 in Resources */,
				521246AF25FF5A94003AAC69 /* rhino.mp4 in Resources */,
				521246B425FF5A94003AAC69 /* elephant.mp4 in Resources */,
				521246BF25FF5AEF003AAC69 /* animals.json in Resources */,
				521246B725FF5A94003AAC69 /* giraffe.mp4 in Resources */,
				521246C125FF5AEF003AAC69 /* covers.json in Resources */,
				521246B625FF5A94003AAC69 /* zebra.mp4 in Resources */,
				521246B125FF5A94003AAC69 /* gorilla.mp4 in Resources */,
				521246C225FF5AEF003AAC69 /* videos.json in Resources */,
				5212469B25FF5879003AAC69 /* Preview Assets.xcassets in Resources */,
				5212469825FF5879003AAC69 /* Assets.xcassets in Resources */,
			);
			runOnlyForDeploymentPostprocessing = 0;
		};
/* End PBXResourcesBuildPhase section */

/* Begin PBXSourcesBuildPhase section */
		5212468C25FF5879003AAC69 /* Sources */ = {
			isa = PBXSourcesBuildPhase;
			buildActionMask = 2147483647;
			files = (
				5212469625FF5879003AAC69 /* ContentView.swift in Sources */,
				521246D225FF677B003AAC69 /* MainView.swift in Sources */,
				521246D625FF6A4F003AAC69 /* CoverImageView.swift in Sources */,
				521246DB25FF6CFE003AAC69 /* CoverImageModel.swift in Sources */,
				521246CC25FF675C003AAC69 /* MapView.swift in Sources */,
				5212469425FF5879003AAC69 /* AfricaAppIulianApp.swift in Sources */,
				521246C925FF674D003AAC69 /* VideoListView.swift in Sources */,
				521246CF25FF676C003AAC69 /* GalleryView.swift in Sources */,
				521246E025FF6E84003AAC69 /* CodableBundleExtension.swift in Sources */,
				521246E425FF9EB6003AAC69 /* MotionAnimationView.swift in Sources */,
			);
			runOnlyForDeploymentPostprocessing = 0;
		};
/* End PBXSourcesBuildPhase section */

/* Begin XCBuildConfiguration section */
		5212469D25FF5879003AAC69 /* Debug */ = {
			isa = XCBuildConfiguration;
			buildSettings = {
				ALWAYS_SEARCH_USER_PATHS = NO;
				CLANG_ANALYZER_NONNULL = YES;
				CLANG_ANALYZER_NUMBER_OBJECT_CONVERSION = YES_AGGRESSIVE;
				CLANG_CXX_LANGUAGE_STANDARD = "gnu++14";
				CLANG_CXX_LIBRARY = "libc++";
				CLANG_ENABLE_MODULES = YES;
				CLANG_ENABLE_OBJC_ARC = YES;
				CLANG_ENABLE_OBJC_WEAK = YES;
				CLANG_WARN_BLOCK_CAPTURE_AUTORELEASING = YES;
				CLANG_WARN_BOOL_CONVERSION = YES;
				CLANG_WARN_COMMA = YES;
				CLANG_WARN_CONSTANT_CONVERSION = YES;
				CLANG_WARN_DEPRECATED_OBJC_IMPLEMENTATIONS = YES;
				CLANG_WARN_DIRECT_OBJC_ISA_USAGE = YES_ERROR;
				CLANG_WARN_DOCUMENTATION_COMMENTS = YES;
				CLANG_WARN_EMPTY_BODY = YES;
				CLANG_WARN_ENUM_CONVERSION = YES;
				CLANG_WARN_INFINITE_RECURSION = YES;
				CLANG_WARN_INT_CONVERSION = YES;
				CLANG_WARN_NON_LITERAL_NULL_CONVERSION = YES;
				CLANG_WARN_OBJC_IMPLICIT_RETAIN_SELF = YES;
				CLANG_WARN_OBJC_LITERAL_CONVERSION = YES;
				CLANG_WARN_OBJC_ROOT_CLASS = YES_ERROR;
				CLANG_WARN_QUOTED_INCLUDE_IN_FRAMEWORK_HEADER = YES;
				CLANG_WARN_RANGE_LOOP_ANALYSIS = YES;
				CLANG_WARN_STRICT_PROTOTYPES = YES;
				CLANG_WARN_SUSPICIOUS_MOVE = YES;
				CLANG_WARN_UNGUARDED_AVAILABILITY = YES_AGGRESSIVE;
				CLANG_WARN_UNREACHABLE_CODE = YES;
				CLANG_WARN__DUPLICATE_METHOD_MATCH = YES;
				COPY_PHASE_STRIP = NO;
				DEBUG_INFORMATION_FORMAT = dwarf;
				ENABLE_STRICT_OBJC_MSGSEND = YES;
				ENABLE_TESTABILITY = YES;
				GCC_C_LANGUAGE_STANDARD = gnu11;
				GCC_DYNAMIC_NO_PIC = NO;
				GCC_NO_COMMON_BLOCKS = YES;
				GCC_OPTIMIZATION_LEVEL = 0;
				GCC_PREPROCESSOR_DEFINITIONS = (
					"DEBUG=1",
					"$(inherited)",
				);
				GCC_WARN_64_TO_32_BIT_CONVERSION = YES;
				GCC_WARN_ABOUT_RETURN_TYPE = YES_ERROR;
				GCC_WARN_UNDECLARED_SELECTOR = YES;
				GCC_WARN_UNINITIALIZED_AUTOS = YES_AGGRESSIVE;
				GCC_WARN_UNUSED_FUNCTION = YES;
				GCC_WARN_UNUSED_VARIABLE = YES;
				IPHONEOS_DEPLOYMENT_TARGET = 14.4;
				MTL_ENABLE_DEBUG_INFO = INCLUDE_SOURCE;
				MTL_FAST_MATH = YES;
				ONLY_ACTIVE_ARCH = YES;
				SDKROOT = iphoneos;
				SWIFT_ACTIVE_COMPILATION_CONDITIONS = DEBUG;
				SWIFT_OPTIMIZATION_LEVEL = "-Onone";
			};
			name = Debug;
		};
		5212469E25FF5879003AAC69 /* Release */ = {
			isa = XCBuildConfiguration;
			buildSettings = {
				ALWAYS_SEARCH_USER_PATHS = NO;
				CLANG_ANALYZER_NONNULL = YES;
				CLANG_ANALYZER_NUMBER_OBJECT_CONVERSION = YES_AGGRESSIVE;
				CLANG_CXX_LANGUAGE_STANDARD = "gnu++14";
				CLANG_CXX_LIBRARY = "libc++";
				CLANG_ENABLE_MODULES = YES;
				CLANG_ENABLE_OBJC_ARC = YES;
				CLANG_ENABLE_OBJC_WEAK = YES;
				CLANG_WARN_BLOCK_CAPTURE_AUTORELEASING = YES;
				CLANG_WARN_BOOL_CONVERSION = YES;
				CLANG_WARN_COMMA = YES;
				CLANG_WARN_CONSTANT_CONVERSION = YES;
				CLANG_WARN_DEPRECATED_OBJC_IMPLEMENTATIONS = YES;
				CLANG_WARN_DIRECT_OBJC_ISA_USAGE = YES_ERROR;
				CLANG_WARN_DOCUMENTATION_COMMENTS = YES;
				CLANG_WARN_EMPTY_BODY = YES;
				CLANG_WARN_ENUM_CONVERSION = YES;
				CLANG_WARN_INFINITE_RECURSION = YES;
				CLANG_WARN_INT_CONVERSION = YES;
				CLANG_WARN_NON_LITERAL_NULL_CONVERSION = YES;
				CLANG_WARN_OBJC_IMPLICIT_RETAIN_SELF = YES;
				CLANG_WARN_OBJC_LITERAL_CONVERSION = YES;
				CLANG_WARN_OBJC_ROOT_CLASS = YES_ERROR;
				CLANG_WARN_QUOTED_INCLUDE_IN_FRAMEWORK_HEADER = YES;
				CLANG_WARN_RANGE_LOOP_ANALYSIS = YES;
				CLANG_WARN_STRICT_PROTOTYPES = YES;
				CLANG_WARN_SUSPICIOUS_MOVE = YES;
				CLANG_WARN_UNGUARDED_AVAILABILITY = YES_AGGRESSIVE;
				CLANG_WARN_UNREACHABLE_CODE = YES;
				CLANG_WARN__DUPLICATE_METHOD_MATCH = YES;
				COPY_PHASE_STRIP = NO;
				DEBUG_INFORMATION_FORMAT = "dwarf-with-dsym";
				ENABLE_NS_ASSERTIONS = NO;
				ENABLE_STRICT_OBJC_MSGSEND = YES;
				GCC_C_LANGUAGE_STANDARD = gnu11;
				GCC_NO_COMMON_BLOCKS = YES;
				GCC_WARN_64_TO_32_BIT_CONVERSION = YES;
				GCC_WARN_ABOUT_RETURN_TYPE = YES_ERROR;
				GCC_WARN_UNDECLARED_SELECTOR = YES;
				GCC_WARN_UNINITIALIZED_AUTOS = YES_AGGRESSIVE;
				GCC_WARN_UNUSED_FUNCTION = YES;
				GCC_WARN_UNUSED_VARIABLE = YES;
				IPHONEOS_DEPLOYMENT_TARGET = 14.4;
				MTL_ENABLE_DEBUG_INFO = NO;
				MTL_FAST_MATH = YES;
				SDKROOT = iphoneos;
				SWIFT_COMPILATION_MODE = wholemodule;
				SWIFT_OPTIMIZATION_LEVEL = "-O";
				VALIDATE_PRODUCT = YES;
			};
			name = Release;
		};
		521246A025FF5879003AAC69 /* Debug */ = {
			isa = XCBuildConfiguration;
			buildSettings = {
				ASSETCATALOG_COMPILER_APPICON_NAME = AppIcon;
				ASSETCATALOG_COMPILER_GLOBAL_ACCENT_COLOR_NAME = AccentColor;
				CODE_SIGN_STYLE = Automatic;
				DEVELOPMENT_ASSET_PATHS = "\"AfricaAppIulian/Preview Content\"";
				DEVELOPMENT_TEAM = WL58PU3N75;
				ENABLE_PREVIEWS = YES;
				INFOPLIST_FILE = AfricaAppIulian/Info.plist;
				IPHONEOS_DEPLOYMENT_TARGET = 14.0;
				LD_RUNPATH_SEARCH_PATHS = (
					"$(inherited)",
					"@executable_path/Frameworks",
				);
				PRODUCT_BUNDLE_IDENTIFIER = com.iulipos.AfricaAppIulian;
				PRODUCT_NAME = "$(TARGET_NAME)";
				SWIFT_VERSION = 5.0;
				TARGETED_DEVICE_FAMILY = "1,2";
			};
			name = Debug;
		};
		521246A125FF5879003AAC69 /* Release */ = {
			isa = XCBuildConfiguration;
			buildSettings = {
				ASSETCATALOG_COMPILER_APPICON_NAME = AppIcon;
				ASSETCATALOG_COMPILER_GLOBAL_ACCENT_COLOR_NAME = AccentColor;
				CODE_SIGN_STYLE = Automatic;
				DEVELOPMENT_ASSET_PATHS = "\"AfricaAppIulian/Preview Content\"";
				DEVELOPMENT_TEAM = WL58PU3N75;
				ENABLE_PREVIEWS = YES;
				INFOPLIST_FILE = AfricaAppIulian/Info.plist;
				IPHONEOS_DEPLOYMENT_TARGET = 14.0;
				LD_RUNPATH_SEARCH_PATHS = (
					"$(inherited)",
					"@executable_path/Frameworks",
				);
				PRODUCT_BUNDLE_IDENTIFIER = com.iulipos.AfricaAppIulian;
				PRODUCT_NAME = "$(TARGET_NAME)";
				SWIFT_VERSION = 5.0;
				TARGETED_DEVICE_FAMILY = "1,2";
			};
			name = Release;
		};
/* End XCBuildConfiguration section */

/* Begin XCConfigurationList section */
		5212468B25FF5879003AAC69 /* Build configuration list for PBXProject "AfricaAppIulian" */ = {
			isa = XCConfigurationList;
			buildConfigurations = (
				5212469D25FF5879003AAC69 /* Debug */,
				5212469E25FF5879003AAC69 /* Release */,
			);
			defaultConfigurationIsVisible = 0;
			defaultConfigurationName = Release;
		};
		5212469F25FF5879003AAC69 /* Build configuration list for PBXNativeTarget "AfricaAppIulian" */ = {
			isa = XCConfigurationList;
			buildConfigurations = (
				521246A025FF5879003AAC69 /* Debug */,
				521246A125FF5879003AAC69 /* Release */,
			);
			defaultConfigurationIsVisible = 0;
			defaultConfigurationName = Release;
		};
/* End XCConfigurationList section */
	};
	rootObject = 5212468825FF5879003AAC69 /* Project object */;
}
